
Microsoft Visual Studio Solution File, Format Version 12.00
# Visual Studio Version 17
VisualStudioVersion = 17.0.31903.59
MinimumVisualStudioVersion = 10.0.40219.1
Project("{2150E333-8FDC-42A3-9474-1A3956D46DE8}") = "src", "src", "{65659AD6-1915-455F-8EB2-16293DBDDFE9}"
EndProject
Project("{FAE04EC0-301F-11D3-BF4B-00C04F79EFBC}") = "MedMatch.Core", "src\MedMatch.Core\MedMatch.Core.csproj", "{BB1399BF-7389-469B-AC4E-EB80849DBF33}"
EndProject
Project("{FAE04EC0-301F-11D3-BF4B-00C04F79EFBC}") = "MedMatch.Infrastructure", "src\MedMatch.Infrastructure\MedMatch.Infrastructure.csproj", "{161806E0-E131-4A3D-BD26-D78DE1E05CE3}"
EndProject
Project("{FAE04EC0-301F-11D3-BF4B-00C04F79EFBC}") = "MedMatch.Recommendation", "src\MedMatch.Recommendation\MedMatch.Recommendation.csproj", "{02C9EF72-FF47-4D7C-B943-944B1CE4E061}"
EndProject
Project("{FAE04EC0-301F-11D3-BF4B-00C04F79EFBC}") = "MedMatch.Worker", "src\MedMatch.Worker\MedMatch.Worker.csproj", "{56876CD4-DF46-4CD3-96D7-25A5C6D303FB}"
EndProject
Project("{FAE04EC0-301F-11D3-BF4B-00C04F79EFBC}") = "MedMatch.Api", "src\MedMatch.Api\MedMatch.Api.csproj", "{69B4C883-66C6-44B2-83AA-9393CC6D13CF}"
EndProject
Global
	GlobalSection(SolutionConfigurationPlatforms) = preSolution
		Debug|Any CPU = Debug|Any CPU
		Release|Any CPU = Release|Any CPU
	EndGlobalSection
	GlobalSection(SolutionProperties) = preSolution
		HideSolutionNode = FALSE
	EndGlobalSection
	GlobalSection(ProjectConfigurationPlatforms) = postSolution
		{BB1399BF-7389-469B-AC4E-EB80849DBF33}.Debug|Any CPU.ActiveCfg = Debug|Any CPU
		{BB1399BF-7389-469B-AC4E-EB80849DBF33}.Debug|Any CPU.Build.0 = Debug|Any CPU
		{BB1399BF-7389-469B-AC4E-EB80849DBF33}.Release|Any CPU.ActiveCfg = Release|Any CPU
		{BB1399BF-7389-469B-AC4E-EB80849DBF33}.Release|Any CPU.Build.0 = Release|Any CPU
		{161806E0-E131-4A3D-BD26-D78DE1E05CE3}.Debug|Any CPU.ActiveCfg = Debug|Any CPU
		{161806E0-E131-4A3D-BD26-D78DE1E05CE3}.Debug|Any CPU.Build.0 = Debug|Any CPU
		{161806E0-E131-4A3D-BD26-D78DE1E05CE3}.Release|Any CPU.ActiveCfg = Release|Any CPU
		{161806E0-E131-4A3D-BD26-D78DE1E05CE3}.Release|Any CPU.Build.0 = Release|Any CPU
		{02C9EF72-FF47-4D7C-B943-944B1CE4E061}.Debug|Any CPU.ActiveCfg = Debug|Any CPU
		{02C9EF72-FF47-4D7C-B943-944B1CE4E061}.Debug|Any CPU.Build.0 = Debug|Any CPU
		{02C9EF72-FF47-4D7C-B943-944B1CE4E061}.Release|Any CPU.ActiveCfg = Release|Any CPU
		{02C9EF72-FF47-4D7C-B943-944B1CE4E061}.Release|Any CPU.Build.0 = Release|Any CPU
		{56876CD4-DF46-4CD3-96D7-25A5C6D303FB}.Debug|Any CPU.ActiveCfg = Debug|Any CPU
		{56876CD4-DF46-4CD3-96D7-25A5C6D303FB}.Debug|Any CPU.Build.0 = Debug|Any CPU
		{56876CD4-DF46-4CD3-96D7-25A5C6D303FB}.Release|Any CPU.ActiveCfg = Release|Any CPU
		{56876CD4-DF46-4CD3-96D7-25A5C6D303FB}.Release|Any CPU.Build.0 = Release|Any CPU
		{69B4C883-66C6-44B2-83AA-9393CC6D13CF}.Debug|Any CPU.ActiveCfg = Debug|Any CPU
		{69B4C883-66C6-44B2-83AA-9393CC6D13CF}.Debug|Any CPU.Build.0 = Debug|Any CPU
		{69B4C883-66C6-44B2-83AA-9393CC6D13CF}.Release|Any CPU.ActiveCfg = Release|Any CPU
		{69B4C883-66C6-44B2-83AA-9393CC6D13CF}.Release|Any CPU.Build.0 = Release|Any CPU
	EndGlobalSection
	GlobalSection(NestedProjects) = preSolution
		{BB1399BF-7389-469B-AC4E-EB80849DBF33} = {65659AD6-1915-455F-8EB2-16293DBDDFE9}
		{161806E0-E131-4A3D-BD26-D78DE1E05CE3} = {65659AD6-1915-455F-8EB2-16293DBDDFE9}
		{02C9EF72-FF47-4D7C-B943-944B1CE4E061} = {65659AD6-1915-455F-8EB2-16293DBDDFE9}
		{56876CD4-DF46-4CD3-96D7-25A5C6D303FB} = {65659AD6-1915-455F-8EB2-16293DBDDFE9}
		{69B4C883-66C6-44B2-83AA-9393CC6D13CF} = {65659AD6-1915-455F-8EB2-16293DBDDFE9}
	EndGlobalSection
EndGlobal
